
Microsoft Visual Studio Solution File, Format Version 12.00
# Visual Studio Version 17
VisualStudioVersion = 17.10.35027.167
MinimumVisualStudioVersion = 10.0.40219.1
Project("{FAE04EC0-301F-11D3-BF4B-00C04F79EFBC}") = "WindowsFormstrabalho2", "WindowsFormstrabalho2\WindowsFormstrabalho2.csproj", "{A428BD40-5B91-4040-A8C4-3493C87AFEB7}"
EndProject
Global
	GlobalSection(SolutionConfigurationPlatforms) = preSolution
		Debug|Any CPU = Debug|Any CPU
		Release|Any CPU = Release|Any CPU
	EndGlobalSection
	GlobalSection(ProjectConfigurationPlatforms) = postSolution
		{A428BD40-5B91-4040-A8C4-3493C87AFEB7}.Debug|Any CPU.ActiveCfg = Debug|Any CPU
		{A428BD40-5B91-4040-A8C4-3493C87AFEB7}.Debug|Any CPU.Build.0 = Debug|Any CPU
		{A428BD40-5B91-4040-A8C4-3493C87AFEB7}.Release|Any CPU.ActiveCfg = Release|Any CPU
		{A428BD40-5B91-4040-A8C4-3493C87AFEB7}.Release|Any CPU.Build.0 = Release|Any CPU
	EndGlobalSection
	GlobalSection(SolutionProperties) = preSolution
		HideSolutionNode = FALSE
	EndGlobalSection
	GlobalSection(ExtensibilityGlobals) = postSolution
		SolutionGuid = {8FFAE57B-F368-4C72-B20A-058EBEC1D6D2}
	EndGlobalSection
EndGlobal
